
Microsoft Visual Studio Solution File, Format Version 12.00
# Visual Studio Version 16
VisualStudioVersion = 16.0.810.21
MinimumVisualStudioVersion = 10.0.40219.1
Project("{FAE04EC0-301F-11D3-BF4B-00C04F79EFBC}") = "TekCiftUygulamasi", "TekCiftUygulamasi\TekCiftUygulamasi.csproj", "{6DF96558-2A6B-4A4F-8F31-3BE1C801B51B}"
EndProject
Global
	GlobalSection(SolutionConfigurationPlatforms) = preSolution
		Debug|anycpu = Debug|anycpu
		Release|anycpu = Release|anycpu
	EndGlobalSection
	GlobalSection(ProjectConfigurationPlatforms) = postSolution
		{6DF96558-2A6B-4A4F-8F31-3BE1C801B51B}.Debug|anycpu.ActiveCfg = Debug|anycpu
		{6DF96558-2A6B-4A4F-8F31-3BE1C801B51B}.Debug|anycpu.Build.0 = Debug|anycpu
		{6DF96558-2A6B-4A4F-8F31-3BE1C801B51B}.Release|anycpu.ActiveCfg = Release|anycpu
		{6DF96558-2A6B-4A4F-8F31-3BE1C801B51B}.Release|anycpu.Build.0 = Release|anycpu
	EndGlobalSection
	GlobalSection(SolutionProperties) = preSolution
		HideSolutionNode = FALSE
	EndGlobalSection
	GlobalSection(ExtensibilityGlobals) = postSolution
		SolutionGuid = {D9B633FE-D1A8-41C6-9DAD-AB69896AA5F0}
	EndGlobalSection
EndGlobal
