
Microsoft Visual Studio Solution File, Format Version 12.00
# Visual Studio Version 16
VisualStudioVersion = 16.0.810.21
MinimumVisualStudioVersion = 10.0.40219.1
Project("{FAE04EC0-301F-11D3-BF4B-00C04F79EFBC}") = "KucukSayiBulmaProgrami", "KucukSayiBulmaProgrami\KucukSayiBulmaProgrami.csproj", "{5B74CF46-FA00-4D11-9B60-EC916B390E1E}"
EndProject
Global
	GlobalSection(SolutionConfigurationPlatforms) = preSolution
		Debug|anycpu = Debug|anycpu
		Release|anycpu = Release|anycpu
	EndGlobalSection
	GlobalSection(ProjectConfigurationPlatforms) = postSolution
		{5B74CF46-FA00-4D11-9B60-EC916B390E1E}.Debug|anycpu.ActiveCfg = Debug|anycpu
		{5B74CF46-FA00-4D11-9B60-EC916B390E1E}.Debug|anycpu.Build.0 = Debug|anycpu
		{5B74CF46-FA00-4D11-9B60-EC916B390E1E}.Release|anycpu.ActiveCfg = Release|anycpu
		{5B74CF46-FA00-4D11-9B60-EC916B390E1E}.Release|anycpu.Build.0 = Release|anycpu
	EndGlobalSection
	GlobalSection(SolutionProperties) = preSolution
		HideSolutionNode = FALSE
	EndGlobalSection
	GlobalSection(ExtensibilityGlobals) = postSolution
		SolutionGuid = {4292E902-BDE6-4C30-B069-A1E449F0A49D}
	EndGlobalSection
EndGlobal
