
Microsoft Visual Studio Solution File, Format Version 12.00
# Visual Studio Version 16
VisualStudioVersion = 16.0.810.21
MinimumVisualStudioVersion = 10.0.40219.1
Project("{FAE04EC0-301F-11D3-BF4B-00C04F79EFBC}") = "KareAlmaUygulamasi", "KareAlmaUygulamasi\KareAlmaUygulamasi.csproj", "{65D60EC8-778E-4720-B492-BBE5FB212904}"
EndProject
Global
	GlobalSection(SolutionConfigurationPlatforms) = preSolution
		Debug|anycpu = Debug|anycpu
		Release|anycpu = Release|anycpu
	EndGlobalSection
	GlobalSection(ProjectConfigurationPlatforms) = postSolution
		{65D60EC8-778E-4720-B492-BBE5FB212904}.Debug|anycpu.ActiveCfg = Debug|anycpu
		{65D60EC8-778E-4720-B492-BBE5FB212904}.Debug|anycpu.Build.0 = Debug|anycpu
		{65D60EC8-778E-4720-B492-BBE5FB212904}.Release|anycpu.ActiveCfg = Release|anycpu
		{65D60EC8-778E-4720-B492-BBE5FB212904}.Release|anycpu.Build.0 = Release|anycpu
	EndGlobalSection
	GlobalSection(SolutionProperties) = preSolution
		HideSolutionNode = FALSE
	EndGlobalSection
	GlobalSection(ExtensibilityGlobals) = postSolution
		SolutionGuid = {9589DAF9-2507-47AE-B03B-F5F278CE0222}
	EndGlobalSection
EndGlobal
