
Microsoft Visual Studio Solution File, Format Version 12.00
# Visual Studio Version 16
VisualStudioVersion = 16.0.810.21
MinimumVisualStudioVersion = 10.0.40219.1
Project("{FAE04EC0-301F-11D3-BF4B-00C04F79EFBC}") = "HesapMakinesi", "HesapMakinesi\HesapMakinesi.csproj", "{1BF15371-B65B-4F96-BA26-521D79DB9289}"
EndProject
Global
	GlobalSection(SolutionConfigurationPlatforms) = preSolution
		Debug|anycpu = Debug|anycpu
		Release|anycpu = Release|anycpu
	EndGlobalSection
	GlobalSection(ProjectConfigurationPlatforms) = postSolution
		{1BF15371-B65B-4F96-BA26-521D79DB9289}.Debug|anycpu.ActiveCfg = Debug|anycpu
		{1BF15371-B65B-4F96-BA26-521D79DB9289}.Debug|anycpu.Build.0 = Debug|anycpu
		{1BF15371-B65B-4F96-BA26-521D79DB9289}.Release|anycpu.ActiveCfg = Release|anycpu
		{1BF15371-B65B-4F96-BA26-521D79DB9289}.Release|anycpu.Build.0 = Release|anycpu
	EndGlobalSection
	GlobalSection(SolutionProperties) = preSolution
		HideSolutionNode = FALSE
	EndGlobalSection
	GlobalSection(ExtensibilityGlobals) = postSolution
		SolutionGuid = {5F67D29B-04EB-45CA-8F63-BA56698BE0FB}
	EndGlobalSection
EndGlobal
