
Microsoft Visual Studio Solution File, Format Version 12.00
# Visual Studio Version 16
VisualStudioVersion = 16.0.810.21
MinimumVisualStudioVersion = 10.0.40219.1
Project("{FAE04EC0-301F-11D3-BF4B-00C04F79EFBC}") = "If-ElseYapisi", "If-ElseYapisi\If-ElseYapisi.csproj", "{AC9F00C9-7160-4A2E-A7D9-67314821D99B}"
EndProject
Global
	GlobalSection(SolutionConfigurationPlatforms) = preSolution
		Debug|anycpu = Debug|anycpu
		Release|anycpu = Release|anycpu
	EndGlobalSection
	GlobalSection(ProjectConfigurationPlatforms) = postSolution
		{AC9F00C9-7160-4A2E-A7D9-67314821D99B}.Debug|anycpu.ActiveCfg = Debug|anycpu
		{AC9F00C9-7160-4A2E-A7D9-67314821D99B}.Debug|anycpu.Build.0 = Debug|anycpu
		{AC9F00C9-7160-4A2E-A7D9-67314821D99B}.Release|anycpu.ActiveCfg = Release|anycpu
		{AC9F00C9-7160-4A2E-A7D9-67314821D99B}.Release|anycpu.Build.0 = Release|anycpu
	EndGlobalSection
	GlobalSection(SolutionProperties) = preSolution
		HideSolutionNode = FALSE
	EndGlobalSection
	GlobalSection(ExtensibilityGlobals) = postSolution
		SolutionGuid = {346196A6-B4C5-493A-A3A8-D34BC945D1E7}
	EndGlobalSection
EndGlobal
