
Microsoft Visual Studio Solution File, Format Version 12.00
# Visual Studio Version 16
VisualStudioVersion = 16.0.810.21
MinimumVisualStudioVersion = 10.0.40219.1
Project("{FAE04EC0-301F-11D3-BF4B-00C04F79EFBC}") = "UcgenKosuluProgrami", "UcgenKosuluProgrami\UcgenKosuluProgrami.csproj", "{B28E0A66-714F-457B-A5DA-C8E20532ECFE}"
EndProject
Global
	GlobalSection(SolutionConfigurationPlatforms) = preSolution
		Debug|anycpu = Debug|anycpu
		Release|anycpu = Release|anycpu
	EndGlobalSection
	GlobalSection(ProjectConfigurationPlatforms) = postSolution
		{B28E0A66-714F-457B-A5DA-C8E20532ECFE}.Debug|anycpu.ActiveCfg = Debug|anycpu
		{B28E0A66-714F-457B-A5DA-C8E20532ECFE}.Debug|anycpu.Build.0 = Debug|anycpu
		{B28E0A66-714F-457B-A5DA-C8E20532ECFE}.Release|anycpu.ActiveCfg = Release|anycpu
		{B28E0A66-714F-457B-A5DA-C8E20532ECFE}.Release|anycpu.Build.0 = Release|anycpu
	EndGlobalSection
	GlobalSection(SolutionProperties) = preSolution
		HideSolutionNode = FALSE
	EndGlobalSection
	GlobalSection(ExtensibilityGlobals) = postSolution
		SolutionGuid = {972011CA-93B4-486C-A160-D2C249986D6E}
	EndGlobalSection
EndGlobal
